
Microsoft Visual Studio Solution File, Format Version 12.00
# Visual Studio 15
VisualStudioVersion = 15.0.26730.12
MinimumVisualStudioVersion = 10.0.40219.1
Project("{FAE04EC0-301F-11D3-BF4B-00C04F79EFBC}") = "Random klasse tests", "Random klasse tests\Random klasse tests.csproj", "{92BE2294-7CE6-4FCF-A052-DE0FDC20066F}"
EndProject
Global
	GlobalSection(SolutionConfigurationPlatforms) = preSolution
		Debug|Any CPU = Debug|Any CPU
		Release|Any CPU = Release|Any CPU
	EndGlobalSection
	GlobalSection(ProjectConfigurationPlatforms) = postSolution
		{92BE2294-7CE6-4FCF-A052-DE0FDC20066F}.Debug|Any CPU.ActiveCfg = Debug|Any CPU
		{92BE2294-7CE6-4FCF-A052-DE0FDC20066F}.Debug|Any CPU.Build.0 = Debug|Any CPU
		{92BE2294-7CE6-4FCF-A052-DE0FDC20066F}.Release|Any CPU.ActiveCfg = Release|Any CPU
		{92BE2294-7CE6-4FCF-A052-DE0FDC20066F}.Release|Any CPU.Build.0 = Release|Any CPU
	EndGlobalSection
	GlobalSection(SolutionProperties) = preSolution
		HideSolutionNode = FALSE
	EndGlobalSection
	GlobalSection(ExtensibilityGlobals) = postSolution
		SolutionGuid = {E491532C-8618-41B3-88DE-06BDE7580D41}
	EndGlobalSection
EndGlobal
